{
  "name": "my-new-one",
  "version": "0.0.0",
  "lockfileVersion": 1,
  "requires": true,
  "dependencies": {
    "@angular/core": {
      "version": "9.0.1",
      "resolved": "https://registry.npmjs.org/@angular/core/-/core-9.0.1.tgz",
      "integrity": "sha512-q/3VLGM98euB/ZluSuMqvWyQb563iabRcVkC/DrHqCQMadV1ZpvuOgf8Gm092d8GY/iC4CGlTsN0wiVapMxplQ=="
    },
    "@angular/router": {
      "version": "9.0.1",
      "resolved": "https://registry.npmjs.org/@angular/router/-/router-9.0.1.tgz",
      "integrity": "sha512-pHLDooNvXEUtjYANWtJ7fMxG9l2mDJgPphOi/S6c27U5yNf0NVk+Qh3kuuNi2hQQ5RaR4jdRyCQePD2H4g2+/g=="
    },
    "bootstrap": {
      "version": "3.4.1",
      "resolved": "https://registry.npmjs.org/bootstrap/-/bootstrap-3.4.1.tgz",
      "integrity": "sha512-yN5oZVmRCwe5aKwzRj6736nSmKDX7pLYwsXiCj/EYmo16hODaBiT4En5btW/jhBF/seV+XMx3aYwukYC3A49DA=="
    },
    "tslib": {
      "version": "1.10.0",
      "resolved": "https://registry.npmjs.org/tslib/-/tslib-1.10.0.tgz",
      "integrity": "sha512-qOebF53frne81cf0S9B41ByenJ3/IuH8yJKngAX35CmiZySA0khhkovshKK+jGCaMnVomla7gVlIcc3EvKPbTQ=="
    }
  }
}
